
Microsoft Visual Studio Solution File, Format Version 12.00
# Visual Studio Version 17
VisualStudioVersion = 17.12.35527.113 d17.12
MinimumVisualStudioVersion = 10.0.40219.1
Project("{FAE04EC0-301F-11D3-BF4B-00C04F79EFBC}") = "Football", "Football\Football.csproj", "{BCE1A95D-8C8E-405D-9750-AA4411B78BDF}"
EndProject
Global
	GlobalSection(SolutionConfigurationPlatforms) = preSolution
		Debug|Any CPU = Debug|Any CPU
		Release|Any CPU = Release|Any CPU
	EndGlobalSection
	GlobalSection(ProjectConfigurationPlatforms) = postSolution
		{BCE1A95D-8C8E-405D-9750-AA4411B78BDF}.Debug|Any CPU.ActiveCfg = Debug|Any CPU
		{BCE1A95D-8C8E-405D-9750-AA4411B78BDF}.Debug|Any CPU.Build.0 = Debug|Any CPU
		{BCE1A95D-8C8E-405D-9750-AA4411B78BDF}.Release|Any CPU.ActiveCfg = Release|Any CPU
		{BCE1A95D-8C8E-405D-9750-AA4411B78BDF}.Release|Any CPU.Build.0 = Release|Any CPU
	EndGlobalSection
	GlobalSection(SolutionProperties) = preSolution
		HideSolutionNode = FALSE
	EndGlobalSection
EndGlobal
